
Microsoft Visual Studio Solution File, Format Version 12.00
# Visual Studio Version 17
VisualStudioVersion = 17.2.32526.322
MinimumVisualStudioVersion = 10.0.40219.1
Project("{9A19103F-16F7-4668-BE54-9A1E7A4F7556}") = "BasicExamples", "BasicExamples\BasicExamples.csproj", "{8E20ABE9-A75D-48DF-8168-AD2557185DCE}"
EndProject
Project("{9A19103F-16F7-4668-BE54-9A1E7A4F7556}") = "ParkingProject", "ParkingProject\ParkingProject.csproj", "{A788027C-30F7-4469-8106-27DF1436A6E3}"
EndProject
Project("{9A19103F-16F7-4668-BE54-9A1E7A4F7556}") = "BookingProject", "BookingProject\BookingProject.csproj", "{52AC2296-A599-480B-8CF3-CF11ABE25B39}"
EndProject
Project("{9A19103F-16F7-4668-BE54-9A1E7A4F7556}") = "SmartphoneProject", "SmartphoneProject\SmartphoneProject.csproj", "{F12F4129-977F-4E31-B600-CCE7862ECCC5}"
EndProject
Project("{9A19103F-16F7-4668-BE54-9A1E7A4F7556}") = "ApiBasicExample", "Api-basic\ApiBasicExample.csproj", "{A95B947E-1C95-4DCE-B9F3-E1BA6B2DB0DE}"
EndProject
Global
	GlobalSection(SolutionConfigurationPlatforms) = preSolution
		Debug|Any CPU = Debug|Any CPU
		Release|Any CPU = Release|Any CPU
	EndGlobalSection
	GlobalSection(ProjectConfigurationPlatforms) = postSolution
		{8E20ABE9-A75D-48DF-8168-AD2557185DCE}.Debug|Any CPU.ActiveCfg = Debug|Any CPU
		{8E20ABE9-A75D-48DF-8168-AD2557185DCE}.Debug|Any CPU.Build.0 = Debug|Any CPU
		{8E20ABE9-A75D-48DF-8168-AD2557185DCE}.Release|Any CPU.ActiveCfg = Release|Any CPU
		{8E20ABE9-A75D-48DF-8168-AD2557185DCE}.Release|Any CPU.Build.0 = Release|Any CPU
		{A788027C-30F7-4469-8106-27DF1436A6E3}.Debug|Any CPU.ActiveCfg = Debug|Any CPU
		{A788027C-30F7-4469-8106-27DF1436A6E3}.Debug|Any CPU.Build.0 = Debug|Any CPU
		{A788027C-30F7-4469-8106-27DF1436A6E3}.Release|Any CPU.ActiveCfg = Release|Any CPU
		{A788027C-30F7-4469-8106-27DF1436A6E3}.Release|Any CPU.Build.0 = Release|Any CPU
		{52AC2296-A599-480B-8CF3-CF11ABE25B39}.Debug|Any CPU.ActiveCfg = Debug|Any CPU
		{52AC2296-A599-480B-8CF3-CF11ABE25B39}.Debug|Any CPU.Build.0 = Debug|Any CPU
		{52AC2296-A599-480B-8CF3-CF11ABE25B39}.Release|Any CPU.ActiveCfg = Release|Any CPU
		{52AC2296-A599-480B-8CF3-CF11ABE25B39}.Release|Any CPU.Build.0 = Release|Any CPU
		{F12F4129-977F-4E31-B600-CCE7862ECCC5}.Debug|Any CPU.ActiveCfg = Debug|Any CPU
		{F12F4129-977F-4E31-B600-CCE7862ECCC5}.Debug|Any CPU.Build.0 = Debug|Any CPU
		{F12F4129-977F-4E31-B600-CCE7862ECCC5}.Release|Any CPU.ActiveCfg = Release|Any CPU
		{F12F4129-977F-4E31-B600-CCE7862ECCC5}.Release|Any CPU.Build.0 = Release|Any CPU
		{A95B947E-1C95-4DCE-B9F3-E1BA6B2DB0DE}.Debug|Any CPU.ActiveCfg = Debug|Any CPU
		{A95B947E-1C95-4DCE-B9F3-E1BA6B2DB0DE}.Debug|Any CPU.Build.0 = Debug|Any CPU
		{A95B947E-1C95-4DCE-B9F3-E1BA6B2DB0DE}.Release|Any CPU.ActiveCfg = Release|Any CPU
		{A95B947E-1C95-4DCE-B9F3-E1BA6B2DB0DE}.Release|Any CPU.Build.0 = Release|Any CPU
	EndGlobalSection
	GlobalSection(SolutionProperties) = preSolution
		HideSolutionNode = FALSE
	EndGlobalSection
	GlobalSection(ExtensibilityGlobals) = postSolution
		SolutionGuid = {4EB51162-B9FF-4F15-AE2A-5E86E5758169}
	EndGlobalSection
EndGlobal
