
Microsoft Visual Studio Solution File, Format Version 12.00
# Visual Studio Version 17
VisualStudioVersion = 17.2.32526.322
MinimumVisualStudioVersion = 10.0.40219.1
Project("{9A19103F-16F7-4668-BE54-9A1E7A4F7556}") = "csharpLearning", "csharpLearning\csharpLearning.csproj", "{D6F9DC30-6C59-4505-B7DD-B5535A503240}"
EndProject
Project("{FAE04EC0-301F-11D3-BF4B-00C04F79EFBC}") = "ClassLibrary1", "ClassLibrary1\ClassLibrary1.csproj", "{DCD0B4B3-918E-4CC8-B4ED-A5DACAFED13C}"
EndProject
Global
	GlobalSection(SolutionConfigurationPlatforms) = preSolution
		Debug|Any CPU = Debug|Any CPU
		Release|Any CPU = Release|Any CPU
	EndGlobalSection
	GlobalSection(ProjectConfigurationPlatforms) = postSolution
		{D6F9DC30-6C59-4505-B7DD-B5535A503240}.Debug|Any CPU.ActiveCfg = Debug|Any CPU
		{D6F9DC30-6C59-4505-B7DD-B5535A503240}.Debug|Any CPU.Build.0 = Debug|Any CPU
		{D6F9DC30-6C59-4505-B7DD-B5535A503240}.Release|Any CPU.ActiveCfg = Release|Any CPU
		{D6F9DC30-6C59-4505-B7DD-B5535A503240}.Release|Any CPU.Build.0 = Release|Any CPU
		{DCD0B4B3-918E-4CC8-B4ED-A5DACAFED13C}.Debug|Any CPU.ActiveCfg = Debug|Any CPU
		{DCD0B4B3-918E-4CC8-B4ED-A5DACAFED13C}.Debug|Any CPU.Build.0 = Debug|Any CPU
		{DCD0B4B3-918E-4CC8-B4ED-A5DACAFED13C}.Release|Any CPU.ActiveCfg = Release|Any CPU
		{DCD0B4B3-918E-4CC8-B4ED-A5DACAFED13C}.Release|Any CPU.Build.0 = Release|Any CPU
	EndGlobalSection
	GlobalSection(SolutionProperties) = preSolution
		HideSolutionNode = FALSE
	EndGlobalSection
	GlobalSection(ExtensibilityGlobals) = postSolution
		SolutionGuid = {4EB51162-B9FF-4F15-AE2A-5E86E5758169}
	EndGlobalSection
EndGlobal
