
Microsoft Visual Studio Solution File, Format Version 12.00
# Visual Studio Version 17
VisualStudioVersion = 17.2.32526.322
MinimumVisualStudioVersion = 10.0.40219.1
Project("{9A19103F-16F7-4668-BE54-9A1E7A4F7556}") = "BasicExamples", "BasicExamples\BasicExamples.csproj", "{8E20ABE9-A75D-48DF-8168-AD2557185DCE}"
EndProject
Project("{9A19103F-16F7-4668-BE54-9A1E7A4F7556}") = "ParkingProject", "ParkingProject\ParkingProject.csproj", "{A788027C-30F7-4469-8106-27DF1436A6E3}"
EndProject
Project("{2150E333-8FDC-42A3-9474-1A3956D46DE8}") = "Solution Items", "Solution Items", "{FA9DDAFA-B21C-42A3-AF41-6ECDD23050B8}"
	ProjectSection(SolutionItems) = preProject
		.editorconfig = .editorconfig
	EndProjectSection
EndProject
Project("{FAE04EC0-301F-11D3-BF4B-00C04F79EFBC}") = "BookingProject", "BookingProject\BookingProject.csproj", "{52AC2296-A599-480B-8CF3-CF11ABE25B39}"
EndProject
Global
	GlobalSection(SolutionConfigurationPlatforms) = preSolution
		Debug|Any CPU = Debug|Any CPU
		Release|Any CPU = Release|Any CPU
	EndGlobalSection
	GlobalSection(ProjectConfigurationPlatforms) = postSolution
		{8E20ABE9-A75D-48DF-8168-AD2557185DCE}.Debug|Any CPU.ActiveCfg = Debug|Any CPU
		{8E20ABE9-A75D-48DF-8168-AD2557185DCE}.Debug|Any CPU.Build.0 = Debug|Any CPU
		{8E20ABE9-A75D-48DF-8168-AD2557185DCE}.Release|Any CPU.ActiveCfg = Release|Any CPU
		{8E20ABE9-A75D-48DF-8168-AD2557185DCE}.Release|Any CPU.Build.0 = Release|Any CPU
		{A788027C-30F7-4469-8106-27DF1436A6E3}.Debug|Any CPU.ActiveCfg = Debug|Any CPU
		{A788027C-30F7-4469-8106-27DF1436A6E3}.Debug|Any CPU.Build.0 = Debug|Any CPU
		{A788027C-30F7-4469-8106-27DF1436A6E3}.Release|Any CPU.ActiveCfg = Release|Any CPU
		{A788027C-30F7-4469-8106-27DF1436A6E3}.Release|Any CPU.Build.0 = Release|Any CPU
		{52AC2296-A599-480B-8CF3-CF11ABE25B39}.Debug|Any CPU.ActiveCfg = Debug|Any CPU
		{52AC2296-A599-480B-8CF3-CF11ABE25B39}.Debug|Any CPU.Build.0 = Debug|Any CPU
		{52AC2296-A599-480B-8CF3-CF11ABE25B39}.Release|Any CPU.ActiveCfg = Release|Any CPU
		{52AC2296-A599-480B-8CF3-CF11ABE25B39}.Release|Any CPU.Build.0 = Release|Any CPU
	EndGlobalSection
	GlobalSection(SolutionProperties) = preSolution
		HideSolutionNode = FALSE
	EndGlobalSection
	GlobalSection(ExtensibilityGlobals) = postSolution
		SolutionGuid = {4EB51162-B9FF-4F15-AE2A-5E86E5758169}
	EndGlobalSection
EndGlobal
